
Microsoft Visual Studio Solution File, Format Version 12.00
# Visual Studio Version 16
VisualStudioVersion = 16.0.30128.74
MinimumVisualStudioVersion = 10.0.40219.1
Project("{FAE04EC0-301F-11D3-BF4B-00C04F79EFBC}") = "Fbhash", "Fbhash\Fbhash.csproj", "{452B1ED6-4B70-4DAD-929D-B881A036E205}"
EndProject
Global
	GlobalSection(SolutionConfigurationPlatforms) = preSolution
		Debug|Any CPU = Debug|Any CPU
		Release|Any CPU = Release|Any CPU
	EndGlobalSection
	GlobalSection(ProjectConfigurationPlatforms) = postSolution
		{452B1ED6-4B70-4DAD-929D-B881A036E205}.Debug|Any CPU.ActiveCfg = Debug|Any CPU
		{452B1ED6-4B70-4DAD-929D-B881A036E205}.Debug|Any CPU.Build.0 = Debug|Any CPU
		{452B1ED6-4B70-4DAD-929D-B881A036E205}.Release|Any CPU.ActiveCfg = Release|Any CPU
		{452B1ED6-4B70-4DAD-929D-B881A036E205}.Release|Any CPU.Build.0 = Release|Any CPU
	EndGlobalSection
	GlobalSection(SolutionProperties) = preSolution
		HideSolutionNode = FALSE
	EndGlobalSection
	GlobalSection(ExtensibilityGlobals) = postSolution
		SolutionGuid = {4B5CA55D-4F92-4A43-996D-754FD4DE4582}
	EndGlobalSection
EndGlobal
